
Microsoft Visual Studio Solution File, Format Version 12.00
# Visual Studio Version 16
VisualStudioVersion = 16.0.28407.52
MinimumVisualStudioVersion = 10.0.40219.1
Project("{FAE04EC0-301F-11D3-BF4B-00C04F79EFBC}") = "App5.UWP", "App5\App5.UWP\App5.UWP.csproj", "{6594065D-D25B-403F-968C-AB27E8588767}"
EndProject
Project("{FAE04EC0-301F-11D3-BF4B-00C04F79EFBC}") = "App5.Android", "App5\App5.Android\App5.Android.csproj", "{4262547D-7D70-466D-BF7D-0836C504311B}"
EndProject
Project("{FAE04EC0-301F-11D3-BF4B-00C04F79EFBC}") = "App5.iOS", "App5\App5.iOS\App5.iOS.csproj", "{C7648856-EA20-4F71-A101-16CEB2F85A93}"
EndProject
Project("{FAE04EC0-301F-11D3-BF4B-00C04F79EFBC}") = "App5", "App5\App5\App5.csproj", "{C38C77AE-EA02-4427-B915-539184EF72C4}"
EndProject
Global
	GlobalSection(SolutionConfigurationPlatforms) = preSolution
		Ad-Hoc|Any CPU = Ad-Hoc|Any CPU
		Ad-Hoc|ARM = Ad-Hoc|ARM
		Ad-Hoc|iPhone = Ad-Hoc|iPhone
		Ad-Hoc|iPhoneSimulator = Ad-Hoc|iPhoneSimulator
		Ad-Hoc|x64 = Ad-Hoc|x64
		Ad-Hoc|x86 = Ad-Hoc|x86
		AppStore|Any CPU = AppStore|Any CPU
		AppStore|ARM = AppStore|ARM
		AppStore|iPhone = AppStore|iPhone
		AppStore|iPhoneSimulator = AppStore|iPhoneSimulator
		AppStore|x64 = AppStore|x64
		AppStore|x86 = AppStore|x86
		Debug|Any CPU = Debug|Any CPU
		Debug|ARM = Debug|ARM
		Debug|iPhone = Debug|iPhone
		Debug|iPhoneSimulator = Debug|iPhoneSimulator
		Debug|x64 = Debug|x64
		Debug|x86 = Debug|x86
		Release|Any CPU = Release|Any CPU
		Release|ARM = Release|ARM
		Release|iPhone = Release|iPhone
		Release|iPhoneSimulator = Release|iPhoneSimulator
		Release|x64 = Release|x64
		Release|x86 = Release|x86
	EndGlobalSection
	GlobalSection(ProjectConfigurationPlatforms) = postSolution
		{6594065D-D25B-403F-968C-AB27E8588767}.Ad-Hoc|Any CPU.ActiveCfg = Release|x86
		{6594065D-D25B-403F-968C-AB27E8588767}.Ad-Hoc|Any CPU.Build.0 = Release|x86
		{6594065D-D25B-403F-968C-AB27E8588767}.Ad-Hoc|Any CPU.Deploy.0 = Release|x86
		{6594065D-D25B-403F-968C-AB27E8588767}.Ad-Hoc|ARM.ActiveCfg = Release|ARM
		{6594065D-D25B-403F-968C-AB27E8588767}.Ad-Hoc|ARM.Build.0 = Release|ARM
		{6594065D-D25B-403F-968C-AB27E8588767}.Ad-Hoc|ARM.Deploy.0 = Release|ARM
		{6594065D-D25B-403F-968C-AB27E8588767}.Ad-Hoc|iPhone.ActiveCfg = Release|x86
		{6594065D-D25B-403F-968C-AB27E8588767}.Ad-Hoc|iPhone.Build.0 = Release|x86
		{6594065D-D25B-403F-968C-AB27E8588767}.Ad-Hoc|iPhone.Deploy.0 = Release|x86
		{6594065D-D25B-403F-968C-AB27E8588767}.Ad-Hoc|iPhoneSimulator.ActiveCfg = Release|x86
		{6594065D-D25B-403F-968C-AB27E8588767}.Ad-Hoc|iPhoneSimulator.Build.0 = Release|x86
		{6594065D-D25B-403F-968C-AB27E8588767}.Ad-Hoc|iPhoneSimulator.Deploy.0 = Release|x86
		{6594065D-D25B-403F-968C-AB27E8588767}.Ad-Hoc|x64.ActiveCfg = Release|x64
		{6594065D-D25B-403F-968C-AB27E8588767}.Ad-Hoc|x64.Build.0 = Release|x64
		{6594065D-D25B-403F-968C-AB27E8588767}.Ad-Hoc|x64.Deploy.0 = Release|x64
		{6594065D-D25B-403F-968C-AB27E8588767}.Ad-Hoc|x86.ActiveCfg = Release|x86
		{6594065D-D25B-403F-968C-AB27E8588767}.Ad-Hoc|x86.Build.0 = Release|x86
		{6594065D-D25B-403F-968C-AB27E8588767}.Ad-Hoc|x86.Deploy.0 = Release|x86
		{6594065D-D25B-403F-968C-AB27E8588767}.AppStore|Any CPU.ActiveCfg = Release|x86
		{6594065D-D25B-403F-968C-AB27E8588767}.AppStore|Any CPU.Build.0 = Release|x86
		{6594065D-D25B-403F-968C-AB27E8588767}.AppStore|Any CPU.Deploy.0 = Release|x86
		{6594065D-D25B-403F-968C-AB27E8588767}.AppStore|ARM.ActiveCfg = Release|ARM
		{6594065D-D25B-403F-968C-AB27E8588767}.AppStore|ARM.Build.0 = Release|ARM
		{6594065D-D25B-403F-968C-AB27E8588767}.AppStore|ARM.Deploy.0 = Release|ARM
		{6594065D-D25B-403F-968C-AB27E8588767}.AppStore|iPhone.ActiveCfg = Release|x86
		{6594065D-D25B-403F-968C-AB27E8588767}.AppStore|iPhone.Build.0 = Release|x86
		{6594065D-D25B-403F-968C-AB27E8588767}.AppStore|iPhone.Deploy.0 = Release|x86
		{6594065D-D25B-403F-968C-AB27E8588767}.AppStore|iPhoneSimulator.ActiveCfg = Release|x86
		{6594065D-D25B-403F-968C-AB27E8588767}.AppStore|iPhoneSimulator.Build.0 = Release|x86
		{6594065D-D25B-403F-968C-AB27E8588767}.AppStore|iPhoneSimulator.Deploy.0 = Release|x86
		{6594065D-D25B-403F-968C-AB27E8588767}.AppStore|x64.ActiveCfg = Release|x64
		{6594065D-D25B-403F-968C-AB27E8588767}.AppStore|x64.Build.0 = Release|x64
		{6594065D-D25B-403F-968C-AB27E8588767}.AppStore|x64.Deploy.0 = Release|x64
		{6594065D-D25B-403F-968C-AB27E8588767}.AppStore|x86.ActiveCfg = Release|x86
		{6594065D-D25B-403F-968C-AB27E8588767}.AppStore|x86.Build.0 = Release|x86
		{6594065D-D25B-403F-968C-AB27E8588767}.AppStore|x86.Deploy.0 = Release|x86
		{6594065D-D25B-403F-968C-AB27E8588767}.Debug|Any CPU.ActiveCfg = Debug|x86
		{6594065D-D25B-403F-968C-AB27E8588767}.Debug|Any CPU.Build.0 = Debug|x86
		{6594065D-D25B-403F-968C-AB27E8588767}.Debug|Any CPU.Deploy.0 = Debug|x86
		{6594065D-D25B-403F-968C-AB27E8588767}.Debug|ARM.ActiveCfg = Debug|ARM
		{6594065D-D25B-403F-968C-AB27E8588767}.Debug|ARM.Build.0 = Debug|ARM
		{6594065D-D25B-403F-968C-AB27E8588767}.Debug|ARM.Deploy.0 = Debug|ARM
		{6594065D-D25B-403F-968C-AB27E8588767}.Debug|iPhone.ActiveCfg = Debug|x86
		{6594065D-D25B-403F-968C-AB27E8588767}.Debug|iPhone.Build.0 = Debug|x86
		{6594065D-D25B-403F-968C-AB27E8588767}.Debug|iPhone.Deploy.0 = Debug|x86
		{6594065D-D25B-403F-968C-AB27E8588767}.Debug|iPhoneSimulator.ActiveCfg = Debug|x86
		{6594065D-D25B-403F-968C-AB27E8588767}.Debug|iPhoneSimulator.Build.0 = Debug|x86
		{6594065D-D25B-403F-968C-AB27E8588767}.Debug|iPhoneSimulator.Deploy.0 = Debug|x86
		{6594065D-D25B-403F-968C-AB27E8588767}.Debug|x64.ActiveCfg = Debug|x64
		{6594065D-D25B-403F-968C-AB27E8588767}.Debug|x64.Build.0 = Debug|x64
		{6594065D-D25B-403F-968C-AB27E8588767}.Debug|x64.Deploy.0 = Debug|x64
		{6594065D-D25B-403F-968C-AB27E8588767}.Debug|x86.ActiveCfg = Debug|x86
		{6594065D-D25B-403F-968C-AB27E8588767}.Debug|x86.Build.0 = Debug|x86
		{6594065D-D25B-403F-968C-AB27E8588767}.Debug|x86.Deploy.0 = Debug|x86
		{6594065D-D25B-403F-968C-AB27E8588767}.Release|Any CPU.ActiveCfg = Release|x86
		{6594065D-D25B-403F-968C-AB27E8588767}.Release|Any CPU.Build.0 = Release|x86
		{6594065D-D25B-403F-968C-AB27E8588767}.Release|Any CPU.Deploy.0 = Release|x86
		{6594065D-D25B-403F-968C-AB27E8588767}.Release|ARM.ActiveCfg = Release|ARM
		{6594065D-D25B-403F-968C-AB27E8588767}.Release|ARM.Build.0 = Release|ARM
		{6594065D-D25B-403F-968C-AB27E8588767}.Release|ARM.Deploy.0 = Release|ARM
		{6594065D-D25B-403F-968C-AB27E8588767}.Release|iPhone.ActiveCfg = Release|x86
		{6594065D-D25B-403F-968C-AB27E8588767}.Release|iPhone.Build.0 = Release|x86
		{6594065D-D25B-403F-968C-AB27E8588767}.Release|iPhone.Deploy.0 = Release|x86
		{6594065D-D25B-403F-968C-AB27E8588767}.Release|iPhoneSimulator.ActiveCfg = Release|x86
		{6594065D-D25B-403F-968C-AB27E8588767}.Release|iPhoneSimulator.Build.0 = Release|x86
		{6594065D-D25B-403F-968C-AB27E8588767}.Release|iPhoneSimulator.Deploy.0 = Release|x86
		{6594065D-D25B-403F-968C-AB27E8588767}.Release|x64.ActiveCfg = Release|x64
		{6594065D-D25B-403F-968C-AB27E8588767}.Release|x64.Build.0 = Release|x64
		{6594065D-D25B-403F-968C-AB27E8588767}.Release|x64.Deploy.0 = Release|x64
		{6594065D-D25B-403F-968C-AB27E8588767}.Release|x86.ActiveCfg = Release|x86
		{6594065D-D25B-403F-968C-AB27E8588767}.Release|x86.Build.0 = Release|x86
		{6594065D-D25B-403F-968C-AB27E8588767}.Release|x86.Deploy.0 = Release|x86
		{4262547D-7D70-466D-BF7D-0836C504311B}.Ad-Hoc|Any CPU.ActiveCfg = Release|Any CPU
		{4262547D-7D70-466D-BF7D-0836C504311B}.Ad-Hoc|Any CPU.Build.0 = Release|Any CPU
		{4262547D-7D70-466D-BF7D-0836C504311B}.Ad-Hoc|Any CPU.Deploy.0 = Release|Any CPU
		{4262547D-7D70-466D-BF7D-0836C504311B}.Ad-Hoc|ARM.ActiveCfg = Release|Any CPU
		{4262547D-7D70-466D-BF7D-0836C504311B}.Ad-Hoc|ARM.Build.0 = Release|Any CPU
		{4262547D-7D70-466D-BF7D-0836C504311B}.Ad-Hoc|ARM.Deploy.0 = Release|Any CPU
		{4262547D-7D70-466D-BF7D-0836C504311B}.Ad-Hoc|iPhone.ActiveCfg = Release|Any CPU
		{4262547D-7D70-466D-BF7D-0836C504311B}.Ad-Hoc|iPhone.Build.0 = Release|Any CPU
		{4262547D-7D70-466D-BF7D-0836C504311B}.Ad-Hoc|iPhone.Deploy.0 = Release|Any CPU
		{4262547D-7D70-466D-BF7D-0836C504311B}.Ad-Hoc|iPhoneSimulator.ActiveCfg = Release|Any CPU
		{4262547D-7D70-466D-BF7D-0836C504311B}.Ad-Hoc|iPhoneSimulator.Build.0 = Release|Any CPU
		{4262547D-7D70-466D-BF7D-0836C504311B}.Ad-Hoc|iPhoneSimulator.Deploy.0 = Release|Any CPU
		{4262547D-7D70-466D-BF7D-0836C504311B}.Ad-Hoc|x64.ActiveCfg = Release|Any CPU
		{4262547D-7D70-466D-BF7D-0836C504311B}.Ad-Hoc|x64.Build.0 = Release|Any CPU
		{4262547D-7D70-466D-BF7D-0836C504311B}.Ad-Hoc|x64.Deploy.0 = Release|Any CPU
		{4262547D-7D70-466D-BF7D-0836C504311B}.Ad-Hoc|x86.ActiveCfg = Release|Any CPU
		{4262547D-7D70-466D-BF7D-0836C504311B}.Ad-Hoc|x86.Build.0 = Release|Any CPU
		{4262547D-7D70-466D-BF7D-0836C504311B}.Ad-Hoc|x86.Deploy.0 = Release|Any CPU
		{4262547D-7D70-466D-BF7D-0836C504311B}.AppStore|Any CPU.ActiveCfg = Release|Any CPU
		{4262547D-7D70-466D-BF7D-0836C504311B}.AppStore|Any CPU.Build.0 = Release|Any CPU
		{4262547D-7D70-466D-BF7D-0836C504311B}.AppStore|Any CPU.Deploy.0 = Release|Any CPU
		{4262547D-7D70-466D-BF7D-0836C504311B}.AppStore|ARM.ActiveCfg = Release|Any CPU
		{4262547D-7D70-466D-BF7D-0836C504311B}.AppStore|ARM.Build.0 = Release|Any CPU
		{4262547D-7D70-466D-BF7D-0836C504311B}.AppStore|ARM.Deploy.0 = Release|Any CPU
		{4262547D-7D70-466D-BF7D-0836C504311B}.AppStore|iPhone.ActiveCfg = Release|Any CPU
		{4262547D-7D70-466D-BF7D-0836C504311B}.AppStore|iPhone.Build.0 = Release|Any CPU
		{4262547D-7D70-466D-BF7D-0836C504311B}.AppStore|iPhone.Deploy.0 = Release|Any CPU
		{4262547D-7D70-466D-BF7D-0836C504311B}.AppStore|iPhoneSimulator.ActiveCfg = Release|Any CPU
		{4262547D-7D70-466D-BF7D-0836C504311B}.AppStore|iPhoneSimulator.Build.0 = Release|Any CPU
		{4262547D-7D70-466D-BF7D-0836C504311B}.AppStore|iPhoneSimulator.Deploy.0 = Release|Any CPU
		{4262547D-7D70-466D-BF7D-0836C504311B}.AppStore|x64.ActiveCfg = Release|Any CPU
		{4262547D-7D70-466D-BF7D-0836C504311B}.AppStore|x64.Build.0 = Release|Any CPU
		{4262547D-7D70-466D-BF7D-0836C504311B}.AppStore|x64.Deploy.0 = Release|Any CPU
		{4262547D-7D70-466D-BF7D-0836C504311B}.AppStore|x86.ActiveCfg = Release|Any CPU
		{4262547D-7D70-466D-BF7D-0836C504311B}.AppStore|x86.Build.0 = Release|Any CPU
		{4262547D-7D70-466D-BF7D-0836C504311B}.AppStore|x86.Deploy.0 = Release|Any CPU
		{4262547D-7D70-466D-BF7D-0836C504311B}.Debug|Any CPU.ActiveCfg = Debug|Any CPU
		{4262547D-7D70-466D-BF7D-0836C504311B}.Debug|Any CPU.Build.0 = Debug|Any CPU
		{4262547D-7D70-466D-BF7D-0836C504311B}.Debug|Any CPU.Deploy.0 = Debug|Any CPU
		{4262547D-7D70-466D-BF7D-0836C504311B}.Debug|ARM.ActiveCfg = Debug|Any CPU
		{4262547D-7D70-466D-BF7D-0836C504311B}.Debug|ARM.Build.0 = Debug|Any CPU
		{4262547D-7D70-466D-BF7D-0836C504311B}.Debug|ARM.Deploy.0 = Debug|Any CPU
		{4262547D-7D70-466D-BF7D-0836C504311B}.Debug|iPhone.ActiveCfg = Debug|Any CPU
		{4262547D-7D70-466D-BF7D-0836C504311B}.Debug|iPhone.Build.0 = Debug|Any CPU
		{4262547D-7D70-466D-BF7D-0836C504311B}.Debug|iPhone.Deploy.0 = Debug|Any CPU
		{4262547D-7D70-466D-BF7D-0836C504311B}.Debug|iPhoneSimulator.ActiveCfg = Debug|Any CPU
		{4262547D-7D70-466D-BF7D-0836C504311B}.Debug|iPhoneSimulator.Build.0 = Debug|Any CPU
		{4262547D-7D70-466D-BF7D-0836C504311B}.Debug|iPhoneSimulator.Deploy.0 = Debug|Any CPU
		{4262547D-7D70-466D-BF7D-0836C504311B}.Debug|x64.ActiveCfg = Debug|Any CPU
		{4262547D-7D70-466D-BF7D-0836C504311B}.Debug|x64.Build.0 = Debug|Any CPU
		{4262547D-7D70-466D-BF7D-0836C504311B}.Debug|x64.Deploy.0 = Debug|Any CPU
		{4262547D-7D70-466D-BF7D-0836C504311B}.Debug|x86.ActiveCfg = Debug|Any CPU
		{4262547D-7D70-466D-BF7D-0836C504311B}.Debug|x86.Build.0 = Debug|Any CPU
		{4262547D-7D70-466D-BF7D-0836C504311B}.Debug|x86.Deploy.0 = Debug|Any CPU
		{4262547D-7D70-466D-BF7D-0836C504311B}.Release|Any CPU.ActiveCfg = Release|Any CPU
		{4262547D-7D70-466D-BF7D-0836C504311B}.Release|Any CPU.Build.0 = Release|Any CPU
		{4262547D-7D70-466D-BF7D-0836C504311B}.Release|Any CPU.Deploy.0 = Release|Any CPU
		{4262547D-7D70-466D-BF7D-0836C504311B}.Release|ARM.ActiveCfg = Release|Any CPU
		{4262547D-7D70-466D-BF7D-0836C504311B}.Release|ARM.Build.0 = Release|Any CPU
		{4262547D-7D70-466D-BF7D-0836C504311B}.Release|ARM.Deploy.0 = Release|Any CPU
		{4262547D-7D70-466D-BF7D-0836C504311B}.Release|iPhone.ActiveCfg = Release|Any CPU
		{4262547D-7D70-466D-BF7D-0836C504311B}.Release|iPhone.Build.0 = Release|Any CPU
		{4262547D-7D70-466D-BF7D-0836C504311B}.Release|iPhone.Deploy.0 = Release|Any CPU
		{4262547D-7D70-466D-BF7D-0836C504311B}.Release|iPhoneSimulator.ActiveCfg = Release|Any CPU
		{4262547D-7D70-466D-BF7D-0836C504311B}.Release|iPhoneSimulator.Build.0 = Release|Any CPU
		{4262547D-7D70-466D-BF7D-0836C504311B}.Release|iPhoneSimulator.Deploy.0 = Release|Any CPU
		{4262547D-7D70-466D-BF7D-0836C504311B}.Release|x64.ActiveCfg = Release|Any CPU
		{4262547D-7D70-466D-BF7D-0836C504311B}.Release|x64.Build.0 = Release|Any CPU
		{4262547D-7D70-466D-BF7D-0836C504311B}.Release|x64.Deploy.0 = Release|Any CPU
		{4262547D-7D70-466D-BF7D-0836C504311B}.Release|x86.ActiveCfg = Release|Any CPU
		{4262547D-7D70-466D-BF7D-0836C504311B}.Release|x86.Build.0 = Release|Any CPU
		{4262547D-7D70-466D-BF7D-0836C504311B}.Release|x86.Deploy.0 = Release|Any CPU
		{C7648856-EA20-4F71-A101-16CEB2F85A93}.Ad-Hoc|Any CPU.ActiveCfg = Ad-Hoc|iPhone
		{C7648856-EA20-4F71-A101-16CEB2F85A93}.Ad-Hoc|Any CPU.Build.0 = Ad-Hoc|iPhone
		{C7648856-EA20-4F71-A101-16CEB2F85A93}.Ad-Hoc|Any CPU.Deploy.0 = Ad-Hoc|iPhone
		{C7648856-EA20-4F71-A101-16CEB2F85A93}.Ad-Hoc|ARM.ActiveCfg = Ad-Hoc|iPhone
		{C7648856-EA20-4F71-A101-16CEB2F85A93}.Ad-Hoc|ARM.Build.0 = Ad-Hoc|iPhone
		{C7648856-EA20-4F71-A101-16CEB2F85A93}.Ad-Hoc|ARM.Deploy.0 = Ad-Hoc|iPhone
		{C7648856-EA20-4F71-A101-16CEB2F85A93}.Ad-Hoc|iPhone.ActiveCfg = Ad-Hoc|iPhone
		{C7648856-EA20-4F71-A101-16CEB2F85A93}.Ad-Hoc|iPhone.Build.0 = Ad-Hoc|iPhone
		{C7648856-EA20-4F71-A101-16CEB2F85A93}.Ad-Hoc|iPhone.Deploy.0 = Ad-Hoc|iPhone
		{C7648856-EA20-4F71-A101-16CEB2F85A93}.Ad-Hoc|iPhoneSimulator.ActiveCfg = Ad-Hoc|iPhoneSimulator
		{C7648856-EA20-4F71-A101-16CEB2F85A93}.Ad-Hoc|iPhoneSimulator.Build.0 = Ad-Hoc|iPhoneSimulator
		{C7648856-EA20-4F71-A101-16CEB2F85A93}.Ad-Hoc|iPhoneSimulator.Deploy.0 = Ad-Hoc|iPhoneSimulator
		{C7648856-EA20-4F71-A101-16CEB2F85A93}.Ad-Hoc|x64.ActiveCfg = Ad-Hoc|iPhone
		{C7648856-EA20-4F71-A101-16CEB2F85A93}.Ad-Hoc|x64.Build.0 = Ad-Hoc|iPhone
		{C7648856-EA20-4F71-A101-16CEB2F85A93}.Ad-Hoc|x64.Deploy.0 = Ad-Hoc|iPhone
		{C7648856-EA20-4F71-A101-16CEB2F85A93}.Ad-Hoc|x86.ActiveCfg = Ad-Hoc|iPhone
		{C7648856-EA20-4F71-A101-16CEB2F85A93}.Ad-Hoc|x86.Build.0 = Ad-Hoc|iPhone
		{C7648856-EA20-4F71-A101-16CEB2F85A93}.Ad-Hoc|x86.Deploy.0 = Ad-Hoc|iPhone
		{C7648856-EA20-4F71-A101-16CEB2F85A93}.AppStore|Any CPU.ActiveCfg = AppStore|iPhone
		{C7648856-EA20-4F71-A101-16CEB2F85A93}.AppStore|Any CPU.Build.0 = AppStore|iPhone
		{C7648856-EA20-4F71-A101-16CEB2F85A93}.AppStore|Any CPU.Deploy.0 = AppStore|iPhone
		{C7648856-EA20-4F71-A101-16CEB2F85A93}.AppStore|ARM.ActiveCfg = AppStore|iPhone
		{C7648856-EA20-4F71-A101-16CEB2F85A93}.AppStore|ARM.Build.0 = AppStore|iPhone
		{C7648856-EA20-4F71-A101-16CEB2F85A93}.AppStore|ARM.Deploy.0 = AppStore|iPhone
		{C7648856-EA20-4F71-A101-16CEB2F85A93}.AppStore|iPhone.ActiveCfg = AppStore|iPhone
		{C7648856-EA20-4F71-A101-16CEB2F85A93}.AppStore|iPhone.Build.0 = AppStore|iPhone
		{C7648856-EA20-4F71-A101-16CEB2F85A93}.AppStore|iPhone.Deploy.0 = AppStore|iPhone
		{C7648856-EA20-4F71-A101-16CEB2F85A93}.AppStore|iPhoneSimulator.ActiveCfg = AppStore|iPhoneSimulator
		{C7648856-EA20-4F71-A101-16CEB2F85A93}.AppStore|iPhoneSimulator.Build.0 = AppStore|iPhoneSimulator
		{C7648856-EA20-4F71-A101-16CEB2F85A93}.AppStore|iPhoneSimulator.Deploy.0 = AppStore|iPhoneSimulator
		{C7648856-EA20-4F71-A101-16CEB2F85A93}.AppStore|x64.ActiveCfg = AppStore|iPhone
		{C7648856-EA20-4F71-A101-16CEB2F85A93}.AppStore|x64.Build.0 = AppStore|iPhone
		{C7648856-EA20-4F71-A101-16CEB2F85A93}.AppStore|x64.Deploy.0 = AppStore|iPhone
		{C7648856-EA20-4F71-A101-16CEB2F85A93}.AppStore|x86.ActiveCfg = AppStore|iPhone
		{C7648856-EA20-4F71-A101-16CEB2F85A93}.AppStore|x86.Build.0 = AppStore|iPhone
		{C7648856-EA20-4F71-A101-16CEB2F85A93}.AppStore|x86.Deploy.0 = AppStore|iPhone
		{C7648856-EA20-4F71-A101-16CEB2F85A93}.Debug|Any CPU.ActiveCfg = Debug|iPhone
		{C7648856-EA20-4F71-A101-16CEB2F85A93}.Debug|Any CPU.Build.0 = Debug|iPhone
		{C7648856-EA20-4F71-A101-16CEB2F85A93}.Debug|Any CPU.Deploy.0 = Debug|iPhone
		{C7648856-EA20-4F71-A101-16CEB2F85A93}.Debug|ARM.ActiveCfg = Debug|iPhoneSimulator
		{C7648856-EA20-4F71-A101-16CEB2F85A93}.Debug|ARM.Build.0 = Debug|iPhoneSimulator
		{C7648856-EA20-4F71-A101-16CEB2F85A93}.Debug|ARM.Deploy.0 = Debug|iPhoneSimulator
		{C7648856-EA20-4F71-A101-16CEB2F85A93}.Debug|iPhone.ActiveCfg = Debug|iPhone
		{C7648856-EA20-4F71-A101-16CEB2F85A93}.Debug|iPhone.Build.0 = Debug|iPhone
		{C7648856-EA20-4F71-A101-16CEB2F85A93}.Debug|iPhone.Deploy.0 = Debug|iPhone
		{C7648856-EA20-4F71-A101-16CEB2F85A93}.Debug|iPhoneSimulator.ActiveCfg = Debug|iPhoneSimulator
		{C7648856-EA20-4F71-A101-16CEB2F85A93}.Debug|iPhoneSimulator.Build.0 = Debug|iPhoneSimulator
		{C7648856-EA20-4F71-A101-16CEB2F85A93}.Debug|iPhoneSimulator.Deploy.0 = Debug|iPhoneSimulator
		{C7648856-EA20-4F71-A101-16CEB2F85A93}.Debug|x64.ActiveCfg = Debug|iPhone
		{C7648856-EA20-4F71-A101-16CEB2F85A93}.Debug|x64.Build.0 = Debug|iPhone
		{C7648856-EA20-4F71-A101-16CEB2F85A93}.Debug|x64.Deploy.0 = Debug|iPhone
		{C7648856-EA20-4F71-A101-16CEB2F85A93}.Debug|x86.ActiveCfg = Debug|iPhone
		{C7648856-EA20-4F71-A101-16CEB2F85A93}.Debug|x86.Build.0 = Debug|iPhone
		{C7648856-EA20-4F71-A101-16CEB2F85A93}.Debug|x86.Deploy.0 = Debug|iPhone
		{C7648856-EA20-4F71-A101-16CEB2F85A93}.Release|Any CPU.ActiveCfg = Release|iPhone
		{C7648856-EA20-4F71-A101-16CEB2F85A93}.Release|Any CPU.Build.0 = Release|iPhone
		{C7648856-EA20-4F71-A101-16CEB2F85A93}.Release|Any CPU.Deploy.0 = Release|iPhone
		{C7648856-EA20-4F71-A101-16CEB2F85A93}.Release|ARM.ActiveCfg = Release|iPhone
		{C7648856-EA20-4F71-A101-16CEB2F85A93}.Release|ARM.Build.0 = Release|iPhone
		{C7648856-EA20-4F71-A101-16CEB2F85A93}.Release|ARM.Deploy.0 = Release|iPhone
		{C7648856-EA20-4F71-A101-16CEB2F85A93}.Release|iPhone.ActiveCfg = Release|iPhone
		{C7648856-EA20-4F71-A101-16CEB2F85A93}.Release|iPhone.Build.0 = Release|iPhone
		{C7648856-EA20-4F71-A101-16CEB2F85A93}.Release|iPhone.Deploy.0 = Release|iPhone
		{C7648856-EA20-4F71-A101-16CEB2F85A93}.Release|iPhoneSimulator.ActiveCfg = Release|iPhoneSimulator
		{C7648856-EA20-4F71-A101-16CEB2F85A93}.Release|iPhoneSimulator.Build.0 = Release|iPhoneSimulator
		{C7648856-EA20-4F71-A101-16CEB2F85A93}.Release|iPhoneSimulator.Deploy.0 = Release|iPhoneSimulator
		{C7648856-EA20-4F71-A101-16CEB2F85A93}.Release|x64.ActiveCfg = Release|iPhone
		{C7648856-EA20-4F71-A101-16CEB2F85A93}.Release|x64.Build.0 = Release|iPhone
		{C7648856-EA20-4F71-A101-16CEB2F85A93}.Release|x64.Deploy.0 = Release|iPhone
		{C7648856-EA20-4F71-A101-16CEB2F85A93}.Release|x86.ActiveCfg = Release|iPhone
		{C7648856-EA20-4F71-A101-16CEB2F85A93}.Release|x86.Build.0 = Release|iPhone
		{C7648856-EA20-4F71-A101-16CEB2F85A93}.Release|x86.Deploy.0 = Release|iPhone
		{C38C77AE-EA02-4427-B915-539184EF72C4}.Ad-Hoc|Any CPU.ActiveCfg = Debug|Any CPU
		{C38C77AE-EA02-4427-B915-539184EF72C4}.Ad-Hoc|Any CPU.Build.0 = Debug|Any CPU
		{C38C77AE-EA02-4427-B915-539184EF72C4}.Ad-Hoc|Any CPU.Deploy.0 = Debug|Any CPU
		{C38C77AE-EA02-4427-B915-539184EF72C4}.Ad-Hoc|ARM.ActiveCfg = Debug|Any CPU
		{C38C77AE-EA02-4427-B915-539184EF72C4}.Ad-Hoc|ARM.Build.0 = Debug|Any CPU
		{C38C77AE-EA02-4427-B915-539184EF72C4}.Ad-Hoc|ARM.Deploy.0 = Debug|Any CPU
		{C38C77AE-EA02-4427-B915-539184EF72C4}.Ad-Hoc|iPhone.ActiveCfg = Debug|Any CPU
		{C38C77AE-EA02-4427-B915-539184EF72C4}.Ad-Hoc|iPhone.Build.0 = Debug|Any CPU
		{C38C77AE-EA02-4427-B915-539184EF72C4}.Ad-Hoc|iPhone.Deploy.0 = Debug|Any CPU
		{C38C77AE-EA02-4427-B915-539184EF72C4}.Ad-Hoc|iPhoneSimulator.ActiveCfg = Debug|Any CPU
		{C38C77AE-EA02-4427-B915-539184EF72C4}.Ad-Hoc|iPhoneSimulator.Build.0 = Debug|Any CPU
		{C38C77AE-EA02-4427-B915-539184EF72C4}.Ad-Hoc|iPhoneSimulator.Deploy.0 = Debug|Any CPU
		{C38C77AE-EA02-4427-B915-539184EF72C4}.Ad-Hoc|x64.ActiveCfg = Debug|Any CPU
		{C38C77AE-EA02-4427-B915-539184EF72C4}.Ad-Hoc|x64.Build.0 = Debug|Any CPU
		{C38C77AE-EA02-4427-B915-539184EF72C4}.Ad-Hoc|x64.Deploy.0 = Debug|Any CPU
		{C38C77AE-EA02-4427-B915-539184EF72C4}.Ad-Hoc|x86.ActiveCfg = Debug|Any CPU
		{C38C77AE-EA02-4427-B915-539184EF72C4}.Ad-Hoc|x86.Build.0 = Debug|Any CPU
		{C38C77AE-EA02-4427-B915-539184EF72C4}.Ad-Hoc|x86.Deploy.0 = Debug|Any CPU
		{C38C77AE-EA02-4427-B915-539184EF72C4}.AppStore|Any CPU.ActiveCfg = Debug|Any CPU
		{C38C77AE-EA02-4427-B915-539184EF72C4}.AppStore|Any CPU.Build.0 = Debug|Any CPU
		{C38C77AE-EA02-4427-B915-539184EF72C4}.AppStore|Any CPU.Deploy.0 = Debug|Any CPU
		{C38C77AE-EA02-4427-B915-539184EF72C4}.AppStore|ARM.ActiveCfg = Debug|Any CPU
		{C38C77AE-EA02-4427-B915-539184EF72C4}.AppStore|ARM.Build.0 = Debug|Any CPU
		{C38C77AE-EA02-4427-B915-539184EF72C4}.AppStore|ARM.Deploy.0 = Debug|Any CPU
		{C38C77AE-EA02-4427-B915-539184EF72C4}.AppStore|iPhone.ActiveCfg = Debug|Any CPU
		{C38C77AE-EA02-4427-B915-539184EF72C4}.AppStore|iPhone.Build.0 = Debug|Any CPU
		{C38C77AE-EA02-4427-B915-539184EF72C4}.AppStore|iPhone.Deploy.0 = Debug|Any CPU
		{C38C77AE-EA02-4427-B915-539184EF72C4}.AppStore|iPhoneSimulator.ActiveCfg = Debug|Any CPU
		{C38C77AE-EA02-4427-B915-539184EF72C4}.AppStore|iPhoneSimulator.Build.0 = Debug|Any CPU
		{C38C77AE-EA02-4427-B915-539184EF72C4}.AppStore|iPhoneSimulator.Deploy.0 = Debug|Any CPU
		{C38C77AE-EA02-4427-B915-539184EF72C4}.AppStore|x64.ActiveCfg = Debug|Any CPU
		{C38C77AE-EA02-4427-B915-539184EF72C4}.AppStore|x64.Build.0 = Debug|Any CPU
		{C38C77AE-EA02-4427-B915-539184EF72C4}.AppStore|x64.Deploy.0 = Debug|Any CPU
		{C38C77AE-EA02-4427-B915-539184EF72C4}.AppStore|x86.ActiveCfg = Debug|Any CPU
		{C38C77AE-EA02-4427-B915-539184EF72C4}.AppStore|x86.Build.0 = Debug|Any CPU
		{C38C77AE-EA02-4427-B915-539184EF72C4}.AppStore|x86.Deploy.0 = Debug|Any CPU
		{C38C77AE-EA02-4427-B915-539184EF72C4}.Debug|Any CPU.ActiveCfg = Debug|Any CPU
		{C38C77AE-EA02-4427-B915-539184EF72C4}.Debug|Any CPU.Build.0 = Debug|Any CPU
		{C38C77AE-EA02-4427-B915-539184EF72C4}.Debug|Any CPU.Deploy.0 = Debug|Any CPU
		{C38C77AE-EA02-4427-B915-539184EF72C4}.Debug|ARM.ActiveCfg = Debug|Any CPU
		{C38C77AE-EA02-4427-B915-539184EF72C4}.Debug|ARM.Build.0 = Debug|Any CPU
		{C38C77AE-EA02-4427-B915-539184EF72C4}.Debug|ARM.Deploy.0 = Debug|Any CPU
		{C38C77AE-EA02-4427-B915-539184EF72C4}.Debug|iPhone.ActiveCfg = Debug|Any CPU
		{C38C77AE-EA02-4427-B915-539184EF72C4}.Debug|iPhone.Build.0 = Debug|Any CPU
		{C38C77AE-EA02-4427-B915-539184EF72C4}.Debug|iPhone.Deploy.0 = Debug|Any CPU
		{C38C77AE-EA02-4427-B915-539184EF72C4}.Debug|iPhoneSimulator.ActiveCfg = Debug|Any CPU
		{C38C77AE-EA02-4427-B915-539184EF72C4}.Debug|iPhoneSimulator.Build.0 = Debug|Any CPU
		{C38C77AE-EA02-4427-B915-539184EF72C4}.Debug|iPhoneSimulator.Deploy.0 = Debug|Any CPU
		{C38C77AE-EA02-4427-B915-539184EF72C4}.Debug|x64.ActiveCfg = Debug|Any CPU
		{C38C77AE-EA02-4427-B915-539184EF72C4}.Debug|x64.Build.0 = Debug|Any CPU
		{C38C77AE-EA02-4427-B915-539184EF72C4}.Debug|x64.Deploy.0 = Debug|Any CPU
		{C38C77AE-EA02-4427-B915-539184EF72C4}.Debug|x86.ActiveCfg = Debug|Any CPU
		{C38C77AE-EA02-4427-B915-539184EF72C4}.Debug|x86.Build.0 = Debug|Any CPU
		{C38C77AE-EA02-4427-B915-539184EF72C4}.Debug|x86.Deploy.0 = Debug|Any CPU
		{C38C77AE-EA02-4427-B915-539184EF72C4}.Release|Any CPU.ActiveCfg = Release|Any CPU
		{C38C77AE-EA02-4427-B915-539184EF72C4}.Release|Any CPU.Build.0 = Release|Any CPU
		{C38C77AE-EA02-4427-B915-539184EF72C4}.Release|Any CPU.Deploy.0 = Release|Any CPU
		{C38C77AE-EA02-4427-B915-539184EF72C4}.Release|ARM.ActiveCfg = Release|Any CPU
		{C38C77AE-EA02-4427-B915-539184EF72C4}.Release|ARM.Build.0 = Release|Any CPU
		{C38C77AE-EA02-4427-B915-539184EF72C4}.Release|ARM.Deploy.0 = Release|Any CPU
		{C38C77AE-EA02-4427-B915-539184EF72C4}.Release|iPhone.ActiveCfg = Release|Any CPU
		{C38C77AE-EA02-4427-B915-539184EF72C4}.Release|iPhone.Build.0 = Release|Any CPU
		{C38C77AE-EA02-4427-B915-539184EF72C4}.Release|iPhone.Deploy.0 = Release|Any CPU
		{C38C77AE-EA02-4427-B915-539184EF72C4}.Release|iPhoneSimulator.ActiveCfg = Release|Any CPU
		{C38C77AE-EA02-4427-B915-539184EF72C4}.Release|iPhoneSimulator.Build.0 = Release|Any CPU
		{C38C77AE-EA02-4427-B915-539184EF72C4}.Release|iPhoneSimulator.Deploy.0 = Release|Any CPU
		{C38C77AE-EA02-4427-B915-539184EF72C4}.Release|x64.ActiveCfg = Release|Any CPU
		{C38C77AE-EA02-4427-B915-539184EF72C4}.Release|x64.Build.0 = Release|Any CPU
		{C38C77AE-EA02-4427-B915-539184EF72C4}.Release|x64.Deploy.0 = Release|Any CPU
		{C38C77AE-EA02-4427-B915-539184EF72C4}.Release|x86.ActiveCfg = Release|Any CPU
		{C38C77AE-EA02-4427-B915-539184EF72C4}.Release|x86.Build.0 = Release|Any CPU
		{C38C77AE-EA02-4427-B915-539184EF72C4}.Release|x86.Deploy.0 = Release|Any CPU
	EndGlobalSection
	GlobalSection(SolutionProperties) = preSolution
		HideSolutionNode = FALSE
	EndGlobalSection
	GlobalSection(ExtensibilityGlobals) = postSolution
		SolutionGuid = {39321C2E-D3BA-4667-B3E9-6EDD899B9C06}
	EndGlobalSection
EndGlobal
